
Microsoft Visual Studio Solution File, Format Version 12.00
# Visual Studio 15
VisualStudioVersion = 15.0.28307.136
MinimumVisualStudioVersion = 10.0.40219.1
Project("{8BC9CEB8-8B4A-11D0-8D11-00A0C91BC942}") = "KataExercise", "KataExercise\KataExercise.vcxproj", "{B79CC3F9-5702-432C-8512-AC614AF6527D}"
EndProject
Project("{8BC9CEB8-8B4A-11D0-8D11-00A0C91BC942}") = "KataExerciseTest", "KataExerciseTest\KataExerciseTest.vcxproj", "{C40AB146-D564-454F-8049-8CAF0AAFF214}"
EndProject
Global
	GlobalSection(SolutionConfigurationPlatforms) = preSolution
		Debug|x64 = Debug|x64
		Debug|x86 = Debug|x86
		Release|x64 = Release|x64
		Release|x86 = Release|x86
	EndGlobalSection
	GlobalSection(ProjectConfigurationPlatforms) = postSolution
		{B79CC3F9-5702-432C-8512-AC614AF6527D}.Debug|x64.ActiveCfg = Debug|x64
		{B79CC3F9-5702-432C-8512-AC614AF6527D}.Debug|x64.Build.0 = Debug|x64
		{B79CC3F9-5702-432C-8512-AC614AF6527D}.Debug|x86.ActiveCfg = Debug|Win32
		{B79CC3F9-5702-432C-8512-AC614AF6527D}.Debug|x86.Build.0 = Debug|Win32
		{B79CC3F9-5702-432C-8512-AC614AF6527D}.Release|x64.ActiveCfg = Release|x64
		{B79CC3F9-5702-432C-8512-AC614AF6527D}.Release|x64.Build.0 = Release|x64
		{B79CC3F9-5702-432C-8512-AC614AF6527D}.Release|x86.ActiveCfg = Release|Win32
		{B79CC3F9-5702-432C-8512-AC614AF6527D}.Release|x86.Build.0 = Release|Win32
		{C40AB146-D564-454F-8049-8CAF0AAFF214}.Debug|x64.ActiveCfg = Debug|x64
		{C40AB146-D564-454F-8049-8CAF0AAFF214}.Debug|x64.Build.0 = Debug|x64
		{C40AB146-D564-454F-8049-8CAF0AAFF214}.Debug|x86.ActiveCfg = Debug|Win32
		{C40AB146-D564-454F-8049-8CAF0AAFF214}.Debug|x86.Build.0 = Debug|Win32
		{C40AB146-D564-454F-8049-8CAF0AAFF214}.Release|x64.ActiveCfg = Release|x64
		{C40AB146-D564-454F-8049-8CAF0AAFF214}.Release|x64.Build.0 = Release|x64
		{C40AB146-D564-454F-8049-8CAF0AAFF214}.Release|x86.ActiveCfg = Release|Win32
		{C40AB146-D564-454F-8049-8CAF0AAFF214}.Release|x86.Build.0 = Release|Win32
	EndGlobalSection
	GlobalSection(SolutionProperties) = preSolution
		HideSolutionNode = FALSE
	EndGlobalSection
	GlobalSection(ExtensibilityGlobals) = postSolution
		SolutionGuid = {7BAD4E40-3E31-4593-94E5-BBAC80140481}
	EndGlobalSection
EndGlobal
